
Microsoft Visual Studio Solution File, Format Version 12.00
# Visual Studio Version 16
VisualStudioVersion = 16.0.31729.503
MinimumVisualStudioVersion = 10.0.40219.1
Project("{FAE04EC0-301F-11D3-BF4B-00C04F79EFBC}") = "mod lol", "mod lol\mod lol.csproj", "{0EE74585-68C3-49D7-9467-2C91A23E70DE}"
EndProject
Global
	GlobalSection(SolutionConfigurationPlatforms) = preSolution
		Debug|Any CPU = Debug|Any CPU
		Release|Any CPU = Release|Any CPU
	EndGlobalSection
	GlobalSection(ProjectConfigurationPlatforms) = postSolution
		{0EE74585-68C3-49D7-9467-2C91A23E70DE}.Debug|Any CPU.ActiveCfg = Debug|Any CPU
		{0EE74585-68C3-49D7-9467-2C91A23E70DE}.Debug|Any CPU.Build.0 = Debug|Any CPU
		{0EE74585-68C3-49D7-9467-2C91A23E70DE}.Release|Any CPU.ActiveCfg = Release|Any CPU
		{0EE74585-68C3-49D7-9467-2C91A23E70DE}.Release|Any CPU.Build.0 = Release|Any CPU
	EndGlobalSection
	GlobalSection(SolutionProperties) = preSolution
		HideSolutionNode = FALSE
	EndGlobalSection
	GlobalSection(ExtensibilityGlobals) = postSolution
		SolutionGuid = {F87015B0-C7B5-4AA2-BA63-144B21D42D52}
	EndGlobalSection
EndGlobal
